
Microsoft Visual Studio Solution File, Format Version 12.00
# Visual Studio Version 17
VisualStudioVersion = 17.14.36616.10
MinimumVisualStudioVersion = 10.0.40219.1
Project("{FAE04EC0-301F-11D3-BF4B-00C04F79EFBC}") = "Kaprecar", "Kaprecar\Kaprecar.csproj", "{5E99031F-1A0E-4093-A254-AC85DAE778C0}"
EndProject
Project("{FAE04EC0-301F-11D3-BF4B-00C04F79EFBC}") = "KaprekarConstant", "KaprekarConstant\KaprekarConstant.csproj", "{70B053FA-0CFA-403F-BA1C-661324E8396D}"
EndProject
Project("{FAE04EC0-301F-11D3-BF4B-00C04F79EFBC}") = "Kaprecar5", "Kaprecar5\Kaprecar5.csproj", "{7CE7D316-1F10-4464-8FD6-260C09FABEF5}"
EndProject
Global
	GlobalSection(SolutionConfigurationPlatforms) = preSolution
		Debug|Any CPU = Debug|Any CPU
		Release|Any CPU = Release|Any CPU
	EndGlobalSection
	GlobalSection(ProjectConfigurationPlatforms) = postSolution
		{5E99031F-1A0E-4093-A254-AC85DAE778C0}.Debug|Any CPU.ActiveCfg = Debug|Any CPU
		{5E99031F-1A0E-4093-A254-AC85DAE778C0}.Debug|Any CPU.Build.0 = Debug|Any CPU
		{5E99031F-1A0E-4093-A254-AC85DAE778C0}.Release|Any CPU.ActiveCfg = Release|Any CPU
		{5E99031F-1A0E-4093-A254-AC85DAE778C0}.Release|Any CPU.Build.0 = Release|Any CPU
		{70B053FA-0CFA-403F-BA1C-661324E8396D}.Debug|Any CPU.ActiveCfg = Debug|Any CPU
		{70B053FA-0CFA-403F-BA1C-661324E8396D}.Debug|Any CPU.Build.0 = Debug|Any CPU
		{70B053FA-0CFA-403F-BA1C-661324E8396D}.Release|Any CPU.ActiveCfg = Release|Any CPU
		{70B053FA-0CFA-403F-BA1C-661324E8396D}.Release|Any CPU.Build.0 = Release|Any CPU
		{7CE7D316-1F10-4464-8FD6-260C09FABEF5}.Debug|Any CPU.ActiveCfg = Debug|Any CPU
		{7CE7D316-1F10-4464-8FD6-260C09FABEF5}.Debug|Any CPU.Build.0 = Debug|Any CPU
		{7CE7D316-1F10-4464-8FD6-260C09FABEF5}.Release|Any CPU.ActiveCfg = Release|Any CPU
		{7CE7D316-1F10-4464-8FD6-260C09FABEF5}.Release|Any CPU.Build.0 = Release|Any CPU
	EndGlobalSection
	GlobalSection(SolutionProperties) = preSolution
		HideSolutionNode = FALSE
	EndGlobalSection
	GlobalSection(ExtensibilityGlobals) = postSolution
		SolutionGuid = {287AEE57-5293-4D31-B125-8DDB9A82AB98}
	EndGlobalSection
EndGlobal
